
Microsoft Visual Studio Solution File, Format Version 12.00
# Visual Studio Version 17
VisualStudioVersion = 17.3.32929.385
MinimumVisualStudioVersion = 10.0.40219.1
Project("{9A19103F-16F7-4668-BE54-9A1E7A4F7556}") = "APIGateway", "APIGateway\APIGateway.csproj", "{CD9C7D91-39A5-4D6A-A922-69508F903012}"
EndProject
Project("{2150E333-8FDC-42A3-9474-1A3956D46DE8}") = "Services", "Services", "{39129414-217B-4282-8359-5EF77BB96241}"
EndProject
Project("{2150E333-8FDC-42A3-9474-1A3956D46DE8}") = "ContactAPI", "ContactAPI", "{34E7FF26-56D5-4E28-9874-5B37FF29468A}"
EndProject
Project("{2150E333-8FDC-42A3-9474-1A3956D46DE8}") = "ReservationAPI", "ReservationAPI", "{80A26FC3-0986-434D-B21F-25F2860EBED4}"
EndProject
Project("{9A19103F-16F7-4668-BE54-9A1E7A4F7556}") = "Contact.API", "Services\Contact\Contact.API\Contact.API.csproj", "{7F3E9404-3B35-4527-8BF2-58D398DA7732}"
EndProject
Project("{9A19103F-16F7-4668-BE54-9A1E7A4F7556}") = "Contact.Infrastructure", "Services\Contact\Contact.Infrastructure\Contact.Infrastructure.csproj", "{F4873825-233F-4EA3-80F4-DCE9F083660D}"
EndProject
Project("{9A19103F-16F7-4668-BE54-9A1E7A4F7556}") = "Reservation.API", "Services\Reservation\Reservation.API\Reservation.API.csproj", "{4D091A92-6704-4830-9459-474E49876428}"
EndProject
Project("{9A19103F-16F7-4668-BE54-9A1E7A4F7556}") = "Contact.Models", "Services\Contact\Contact.Models\Contact.Models.csproj", "{8E325630-B862-430A-AFD8-7D994B4E06D7}"
EndProject
Project("{9A19103F-16F7-4668-BE54-9A1E7A4F7556}") = "Contact.Services", "Services\Contact\Contact.Services\Contact.Services.csproj", "{A30FDBFA-841D-4B4D-ABE1-9B947F4AAC07}"
EndProject
Project("{9A19103F-16F7-4668-BE54-9A1E7A4F7556}") = "Reservation.Infrastructure", "Services\Reservation\Reservation.Infrastructure\Reservation.Infrastructure.csproj", "{9450CD68-A4E0-4A3A-A8FC-8C87CEA4ED87}"
EndProject
Project("{9A19103F-16F7-4668-BE54-9A1E7A4F7556}") = "Reservation.Services", "Services\Reservation\Reservation.Services\Reservation.Services.csproj", "{4E96FE93-0074-4FB2-BF8A-BF80D42EA9FD}"
EndProject
Project("{9A19103F-16F7-4668-BE54-9A1E7A4F7556}") = "Reservation.Models", "Services\Reservation\Reservation.Models\Reservation.Models.csproj", "{AF8E69BD-6D6E-4A6B-BC68-99A9CE421CD0}"
EndProject
Project("{2150E333-8FDC-42A3-9474-1A3956D46DE8}") = "Solution Items", "Solution Items", "{FB7004C1-0787-4CC1-B09D-F7215A3F7EEB}"
	ProjectSection(SolutionItems) = preProject
		docker-compose.yml = docker-compose.yml
	EndProjectSection
EndProject
Global
	GlobalSection(SolutionConfigurationPlatforms) = preSolution
		Debug|Any CPU = Debug|Any CPU
		Release|Any CPU = Release|Any CPU
	EndGlobalSection
	GlobalSection(ProjectConfigurationPlatforms) = postSolution
		{CD9C7D91-39A5-4D6A-A922-69508F903012}.Debug|Any CPU.ActiveCfg = Debug|Any CPU
		{CD9C7D91-39A5-4D6A-A922-69508F903012}.Debug|Any CPU.Build.0 = Debug|Any CPU
		{CD9C7D91-39A5-4D6A-A922-69508F903012}.Release|Any CPU.ActiveCfg = Release|Any CPU
		{CD9C7D91-39A5-4D6A-A922-69508F903012}.Release|Any CPU.Build.0 = Release|Any CPU
		{7F3E9404-3B35-4527-8BF2-58D398DA7732}.Debug|Any CPU.ActiveCfg = Debug|Any CPU
		{7F3E9404-3B35-4527-8BF2-58D398DA7732}.Debug|Any CPU.Build.0 = Debug|Any CPU
		{7F3E9404-3B35-4527-8BF2-58D398DA7732}.Release|Any CPU.ActiveCfg = Release|Any CPU
		{7F3E9404-3B35-4527-8BF2-58D398DA7732}.Release|Any CPU.Build.0 = Release|Any CPU
		{F4873825-233F-4EA3-80F4-DCE9F083660D}.Debug|Any CPU.ActiveCfg = Debug|Any CPU
		{F4873825-233F-4EA3-80F4-DCE9F083660D}.Debug|Any CPU.Build.0 = Debug|Any CPU
		{F4873825-233F-4EA3-80F4-DCE9F083660D}.Release|Any CPU.ActiveCfg = Release|Any CPU
		{F4873825-233F-4EA3-80F4-DCE9F083660D}.Release|Any CPU.Build.0 = Release|Any CPU
		{4D091A92-6704-4830-9459-474E49876428}.Debug|Any CPU.ActiveCfg = Debug|Any CPU
		{4D091A92-6704-4830-9459-474E49876428}.Debug|Any CPU.Build.0 = Debug|Any CPU
		{4D091A92-6704-4830-9459-474E49876428}.Release|Any CPU.ActiveCfg = Release|Any CPU
		{4D091A92-6704-4830-9459-474E49876428}.Release|Any CPU.Build.0 = Release|Any CPU
		{8E325630-B862-430A-AFD8-7D994B4E06D7}.Debug|Any CPU.ActiveCfg = Debug|Any CPU
		{8E325630-B862-430A-AFD8-7D994B4E06D7}.Debug|Any CPU.Build.0 = Debug|Any CPU
		{8E325630-B862-430A-AFD8-7D994B4E06D7}.Release|Any CPU.ActiveCfg = Release|Any CPU
		{8E325630-B862-430A-AFD8-7D994B4E06D7}.Release|Any CPU.Build.0 = Release|Any CPU
		{A30FDBFA-841D-4B4D-ABE1-9B947F4AAC07}.Debug|Any CPU.ActiveCfg = Debug|Any CPU
		{A30FDBFA-841D-4B4D-ABE1-9B947F4AAC07}.Debug|Any CPU.Build.0 = Debug|Any CPU
		{A30FDBFA-841D-4B4D-ABE1-9B947F4AAC07}.Release|Any CPU.ActiveCfg = Release|Any CPU
		{A30FDBFA-841D-4B4D-ABE1-9B947F4AAC07}.Release|Any CPU.Build.0 = Release|Any CPU
		{9450CD68-A4E0-4A3A-A8FC-8C87CEA4ED87}.Debug|Any CPU.ActiveCfg = Debug|Any CPU
		{9450CD68-A4E0-4A3A-A8FC-8C87CEA4ED87}.Debug|Any CPU.Build.0 = Debug|Any CPU
		{9450CD68-A4E0-4A3A-A8FC-8C87CEA4ED87}.Release|Any CPU.ActiveCfg = Release|Any CPU
		{9450CD68-A4E0-4A3A-A8FC-8C87CEA4ED87}.Release|Any CPU.Build.0 = Release|Any CPU
		{4E96FE93-0074-4FB2-BF8A-BF80D42EA9FD}.Debug|Any CPU.ActiveCfg = Debug|Any CPU
		{4E96FE93-0074-4FB2-BF8A-BF80D42EA9FD}.Debug|Any CPU.Build.0 = Debug|Any CPU
		{4E96FE93-0074-4FB2-BF8A-BF80D42EA9FD}.Release|Any CPU.ActiveCfg = Release|Any CPU
		{4E96FE93-0074-4FB2-BF8A-BF80D42EA9FD}.Release|Any CPU.Build.0 = Release|Any CPU
		{AF8E69BD-6D6E-4A6B-BC68-99A9CE421CD0}.Debug|Any CPU.ActiveCfg = Debug|Any CPU
		{AF8E69BD-6D6E-4A6B-BC68-99A9CE421CD0}.Debug|Any CPU.Build.0 = Debug|Any CPU
		{AF8E69BD-6D6E-4A6B-BC68-99A9CE421CD0}.Release|Any CPU.ActiveCfg = Release|Any CPU
		{AF8E69BD-6D6E-4A6B-BC68-99A9CE421CD0}.Release|Any CPU.Build.0 = Release|Any CPU
	EndGlobalSection
	GlobalSection(SolutionProperties) = preSolution
		HideSolutionNode = FALSE
	EndGlobalSection
	GlobalSection(NestedProjects) = preSolution
		{34E7FF26-56D5-4E28-9874-5B37FF29468A} = {39129414-217B-4282-8359-5EF77BB96241}
		{80A26FC3-0986-434D-B21F-25F2860EBED4} = {39129414-217B-4282-8359-5EF77BB96241}
		{7F3E9404-3B35-4527-8BF2-58D398DA7732} = {34E7FF26-56D5-4E28-9874-5B37FF29468A}
		{F4873825-233F-4EA3-80F4-DCE9F083660D} = {34E7FF26-56D5-4E28-9874-5B37FF29468A}
		{4D091A92-6704-4830-9459-474E49876428} = {80A26FC3-0986-434D-B21F-25F2860EBED4}
		{8E325630-B862-430A-AFD8-7D994B4E06D7} = {34E7FF26-56D5-4E28-9874-5B37FF29468A}
		{A30FDBFA-841D-4B4D-ABE1-9B947F4AAC07} = {34E7FF26-56D5-4E28-9874-5B37FF29468A}
		{9450CD68-A4E0-4A3A-A8FC-8C87CEA4ED87} = {80A26FC3-0986-434D-B21F-25F2860EBED4}
		{4E96FE93-0074-4FB2-BF8A-BF80D42EA9FD} = {80A26FC3-0986-434D-B21F-25F2860EBED4}
		{AF8E69BD-6D6E-4A6B-BC68-99A9CE421CD0} = {80A26FC3-0986-434D-B21F-25F2860EBED4}
	EndGlobalSection
	GlobalSection(ExtensibilityGlobals) = postSolution
		SolutionGuid = {46BCC0E9-BEC7-4B96-94EA-273F4EED075E}
	EndGlobalSection
EndGlobal
